{
  "nodes": {
    "nixpkgs": {
      "locked": {
        "lastModified": 1700915933,
        "narHash": "sha256-k0szrkrF59r3XgcJdo0yCfN6SFWn+xOZ7qMoK9vDGSQ=",
        "owner": "NixOS",
        "repo": "nixpkgs",
        "rev": "6909e461de4ecafbfac42e7a7a9e53da01ebf244",
        "type": "github"
      },
      "original": {
        "id": "nixpkgs-unstable",
        "type": "indirect"
      }
    },
    "root": {
      "inputs": {
        "nixpkgs": "nixpkgs"
      }
    }
  },
  "root": "root",
  "version": 7
}
